
Microsoft Visual Studio Solution File, Format Version 12.00
# Visual Studio 15
Project("{FAE04EC0-301F-11D3-BF4B-00C04F79EFBC}") = "Lab01-Exception_Handling_and_Debugging", "Lab01-Exception_Handling_and_Debugging.csproj", "{DAB10628-AB41-41EF-B709-05A9EB168E76}"
EndProject
Global
	GlobalSection(SolutionConfigurationPlatforms) = preSolution
		Debug|Any CPU = Debug|Any CPU
		Release|Any CPU = Release|Any CPU
	EndGlobalSection
	GlobalSection(ProjectConfigurationPlatforms) = postSolution
		{DAB10628-AB41-41EF-B709-05A9EB168E76}.Debug|Any CPU.ActiveCfg = Debug|Any CPU
		{DAB10628-AB41-41EF-B709-05A9EB168E76}.Debug|Any CPU.Build.0 = Debug|Any CPU
		{DAB10628-AB41-41EF-B709-05A9EB168E76}.Release|Any CPU.ActiveCfg = Release|Any CPU
		{DAB10628-AB41-41EF-B709-05A9EB168E76}.Release|Any CPU.Build.0 = Release|Any CPU
	EndGlobalSection
EndGlobal
